PODS:
  - Alamofire (4.6.0)
  - AlamofireImage (3.3.0):
    - Alamofire (~> 4.5)
  - AwesomeCache (5.0)
  - Cuckoo (0.10.2)
  - ObjectMapper (3.1.0)
  - RxAlamofire (4.0.0):
    - RxAlamofire/Core (= 4.0.0)
  - RxAlamofire/Core (4.0.0):
    - Alamofire (~> 4.5)
    - RxSwift (~> 4.0)
  - RxCocoa (4.1.1):
    - RxSwift (~> 4.0)
  - RxSwift (4.1.1)

DEPENDENCIES:
  - Alamofire (~> 4.5)
  - AlamofireImage (~> 3.3)
  - AwesomeCache (from `https://github.com/SergeyPetrachkov/AwesomeCache.git`, branch `swift4`)
  - Cuckoo (~> 0.10)
  - ObjectMapper (~> 3.1)
  - RxAlamofire (~> 4.0)
  - RxCocoa (~> 4.0)
  - RxSwift (~> 4.0)

EXTERNAL SOURCES:
  AwesomeCache:
    :branch: swift4
    :git: https://github.com/SergeyPetrachkov/AwesomeCache.git

CHECKOUT OPTIONS:
  AwesomeCache:
    :commit: ba2871287755ce11e6bfb1115949127886f48aea
    :git: https://github.com/SergeyPetrachkov/AwesomeCache.git

SPEC CHECKSUMS:
  Alamofire: f41a599bd63041760b26d393ec1069d9d7b917f4
  AlamofireImage: 2e784dc5d00f04903a52c1d169181469c805c3df
  AwesomeCache: c4a73e97b03901ea46084902b61cd5902a54dd88
  Cuckoo: e53c52f97edfea8142da66a95400ca5897e22c8b
  ObjectMapper: 20505058f54e5c3ca69e1d6de9897d152a5369a6
  RxAlamofire: 6ea579ac53bf14cb4bc7049a3866e5a769989b1d
  RxCocoa: fd0862fd2df95fa55562ad28ffd2522c25eb4a85
  RxSwift: c6e3b1c7b325c7d121cd4327e9d98b7ed746b570

PODFILE CHECKSUM: 296dc2d8a0088cce1433ac89c02ce01948b38382

COCOAPODS: 1.4.0
